// !$*UTF8*$!
{
	archiveVersion = 1;
	classes = {
	};
	objectVersion = 50;
	objects = {

/* Begin PBXBuildFile section */
		A729594A26FF3BC2000AE4F4 /* AppDelegate.swift in Sources */ = {isa = PBXBuildFile; fileRef = A729594926FF3BC2000AE4F4 /* AppDelegate.swift */; };
		A729594C26FF3BC2000AE4F4 /* SceneDelegate.swift in Sources */ = {isa = PBXBuildFile; fileRef = A729594B26FF3BC2000AE4F4 /* SceneDelegate.swift */; };
		A729594E26FF3BC2000AE4F4 /* ViewController.swift in Sources */ = {isa = PBXBuildFile; fileRef = A729594D26FF3BC2000AE4F4 /* ViewController.swift */; };
		A729595126FF3BC2000AE4F4 /* Main.storyboard in Resources */ = {isa = PBXBuildFile; fileRef = A729594F26FF3BC2000AE4F4 /* Main.storyboard */; };
		A729595326FF3BD6000AE4F4 /* Assets.xcassets in Resources */ = {isa = PBXBuildFile; fileRef = A729595226FF3BD6000AE4F4 /* Assets.xcassets */; };
		A729595626FF3BD6000AE4F4 /* LaunchScreen.storyboard in Resources */ = {isa = PBXBuildFile; fileRef = A729595426FF3BD6000AE4F4 /* LaunchScreen.storyboard */; };
/* End PBXBuildFile section */

/* Begin PBXFileReference section */
		A729594626FF3BC2000AE4F4 /* TapRecognize.app */ = {isa = PBXFileReference; explicitFileType = wrapper.application; includeInIndex = 0; path = TapRecognize.app; sourceTree = BUILT_PRODUCTS_DIR; };
		A729594926FF3BC2000AE4F4 /* AppDelegate.swift */ = {isa = PBXFileReference; lastKnownFileType = sourcecode.swift; path = AppDelegate.swift; sourceTree = "<group>"; };
		A729594B26FF3BC2000AE4F4 /* SceneDelegate.swift */ = {isa = PBXFileReference; lastKnownFileType = sourcecode.swift; path = SceneDelegate.swift; sourceTree = "<group>"; };
		A729594D26FF3BC2000AE4F4 /* ViewController.swift */ = {isa = PBXFileReference; lastKnownFileType = sourcecode.swift; path = ViewController.swift; sourceTree = "<group>"; };
		A729595026FF3BC2000AE4F4 /* Base */ = {isa = PBXFileReference; lastKnownFileType = file.storyboard; name = Base; path = Base.lproj/Main.storyboard; sourceTree = "<group>"; };
		A729595226FF3BD6000AE4F4 /* Assets.xcassets */ = {isa = PBXFileReference; lastKnownFileType = folder.assetcatalog; path = Assets.xcassets; sourceTree = "<group>"; };
		A729595526FF3BD6000AE4F4 /* Base */ = {isa = PBXFileReference; lastKnownFileType = file.storyboard; name = Base; path = Base.lproj/LaunchScreen.storyboard; sourceTree = "<group>"; };
		A729595726FF3BD6000AE4F4 /* Info.plist */ = {isa = PBXFileReference; lastKnownFileType = text.plist.xml; path = Info.plist; sourceTree = "<group>"; };
/* End PBXFileReference section */

/* Begin PBXFrameworksBuildPhase section */
		A729594326FF3BC2000AE4F4 /* Frameworks */ = {
			isa = PBXFrameworksBuildPhase;
			buildActionMask = 2147483647;
			files = (
			);
			runOnlyForDeploymentPostprocessing = 0;
		};
/* End PBXFrameworksBuildPhase section */

/* Begin PBXGroup section */
		A729593D26FF3BC1000AE4F4 = {
			isa = PBXGroup;
			children = (
				A729594826FF3BC2000AE4F4 /* TapRecognize */,
				A729594726FF3BC2000AE4F4 /* Products */,
			);
			sourceTree = "<group>";
		};
		A729594726FF3BC2000AE4F4 /* Products */ = {
			isa = PBXGroup;
			children = (
				A729594626FF3BC2000AE4F4 /* TapRecognize.app */,
			);
			name = Products;
			sourceTree = "<group>";
		};
		A729594826FF3BC2000AE4F4 /* TapRecognize */ = {
			isa = PBXGroup;
			children = (
				A729594926FF3BC2000AE4F4 /* AppDelegate.swift */,
				A729594B26FF3BC2000AE4F4 /* SceneDelegate.swift */,
				A729594D26FF3BC2000AE4F4 /* ViewController.swift */,
				A729594F26FF3BC2000AE4F4 /* Main.storyboard */,
				A729595226FF3BD6000AE4F4 /* Assets.xcassets */,
				A729595426FF3BD6000AE4F4 /* LaunchScreen.storyboard */,
				A729595726FF3BD6000AE4F4 /* Info.plist */,
			);
			path = TapRecognize;
			sourceTree = "<group>";
		};
/* End PBXGroup section */

/* Begin PBXNativeTarget section */
		A729594526FF3BC2000AE4F4 /* TapRecognize */ = {
			isa = PBXNativeTarget;
			buildConfigurationList = A729595A26FF3BD6000AE4F4 /* Build configuration list for PBXNativeTarget "TapRecognize" */;
			buildPhases = (
				A729594226FF3BC2000AE4F4 /* Sources */,
				A729594326FF3BC2000AE4F4 /* Frameworks */,
				A729594426FF3BC2000AE4F4 /* Resources */,
			);
			buildRules = (
			);
			dependencies = (
			);
			name = TapRecognize;
			productName = TapRecognize;
			productReference = A729594626FF3BC2000AE4F4 /* TapRecognize.app */;
			productType = "com.apple.product-type.application";
		};
/* End PBXNativeTarget section */

/* Begin PBXProject section */
		A729593E26FF3BC1000AE4F4 /* Project object */ = {
			isa = PBXProject;
			attributes = {
				LastSwiftUpdateCheck = 1250;
				LastUpgradeCheck = 1250;
				TargetAttributes = {
					A729594526FF3BC2000AE4F4 = {
						CreatedOnToolsVersion = 12.5.1;
					};
				};
			};
			buildConfigurationList = A729594126FF3BC1000AE4F4 /* Build configuration list for PBXProject "TapRecognize" */;
			compatibilityVersion = "Xcode 9.3";
			developmentRegion = en;
			hasScannedForEncodings = 0;
			knownRegions = (
				en,
				Base,
			);
			mainGroup = A729593D26FF3BC1000AE4F4;
			productRefGroup = A729594726FF3BC2000AE4F4 /* Products */;
			projectDirPath = "";
			projectRoot = "";
			targets = (
				A729594526FF3BC2000AE4F4 /* TapRecognize */,
			);
		};
/* End PBXProject section */

/* Begin PBXResourcesBuildPhase section */
		A729594426FF3BC2000AE4F4 /* Resources */ = {
			isa = PBXResourcesBuildPhase;
			buildActionMask = 2147483647;
			files = (
				A729595626FF3BD6000AE4F4 /* LaunchScreen.storyboard in Resources */,
				A729595326FF3BD6000AE4F4 /* Assets.xcassets in Resources */,
				A729595126FF3BC2000AE4F4 /* Main.storyboard in Resources */,
			);
			runOnlyForDeploymentPostprocessing = 0;
		};
/* End PBXResourcesBuildPhase section */

/* Begin PBXSourcesBuildPhase section */
		A729594226FF3BC2000AE4F4 /* Sources */ = {
			isa = PBXSourcesBuildPhase;
			buildActionMask = 2147483647;
			files = (
				A729594E26FF3BC2000AE4F4 /* ViewController.swift in Sources */,
				A729594A26FF3BC2000AE4F4 /* AppDelegate.swift in Sources */,
				A729594C26FF3BC2000AE4F4 /* SceneDelegate.swift in Sources */,
			);
			runOnlyForDeploymentPostprocessing = 0;
		};
/* End PBXSourcesBuildPhase section */

/* Begin PBXVariantGroup section */
		A729594F26FF3BC2000AE4F4 /* Main.storyboard */ = {
			isa = PBXVariantGroup;
			children = (
				A729595026FF3BC2000AE4F4 /* Base */,
			);
			name = Main.storyboard;
			sourceTree = "<group>";
		};
		A729595426FF3BD6000AE4F4 /* LaunchScreen.storyboard */ = {
			isa = PBXVariantGroup;
			children = (
				A729595526FF3BD6000AE4F4 /* Base */,
			);
			name = LaunchScreen.storyboard;
			sourceTree = "<group>";
		};
/* End PBXVariantGroup section */

/* Begin XCBuildConfiguration section */
		A729595826FF3BD6000AE4F4 /* Debug */ = {
			isa = XCBuildConfiguration;
			buildSettings = {
				ALWAYS_SEARCH_USER_PATHS = NO;
				CLANG_ANALYZER_NONNULL = YES;
				CLANG_ANALYZER_NUMBER_OBJECT_CONVERSION = YES_AGGRESSIVE;
				CLANG_CXX_LANGUAGE_STANDARD = "gnu++14";
				CLANG_CXX_LIBRARY = "libc++";
				CLANG_ENABLE_MODULES = YES;
				CLANG_ENABLE_OBJC_ARC = YES;
				CLANG_ENABLE_OBJC_WEAK = YES;
				CLANG_WARN_BLOCK_CAPTURE_AUTORELEASING = YES;
				CLANG_WARN_BOOL_CONVERSION = YES;
				CLANG_WARN_COMMA = YES;
				CLANG_WARN_CONSTANT_CONVERSION = YES;
				CLANG_WARN_DEPRECATED_OBJC_IMPLEMENTATIONS = YES;
				CLANG_WARN_DIRECT_OBJC_ISA_USAGE = YES_ERROR;
				CLANG_WARN_DOCUMENTATION_COMMENTS = YES;
				CLANG_WARN_EMPTY_BODY = YES;
				CLANG_WARN_ENUM_CONVERSION = YES;
				CLANG_WARN_INFINITE_RECURSION = YES;
				CLANG_WARN_INT_CONVERSION = YES;
				CLANG_WARN_NON_LITERAL_NULL_CONVERSION = YES;
				CLANG_WARN_OBJC_IMPLICIT_RETAIN_SELF = YES;
				CLANG_WARN_OBJC_LITERAL_CONVERSION = YES;
				CLANG_WARN_OBJC_ROOT_CLASS = YES_ERROR;
				CLANG_WARN_QUOTED_INCLUDE_IN_FRAMEWORK_HEADER = YES;
				CLANG_WARN_RANGE_LOOP_ANALYSIS = YES;
				CLANG_WARN_STRICT_PROTOTYPES = YES;
				CLANG_WARN_SUSPICIOUS_MOVE = YES;
				CLANG_WARN_UNGUARDED_AVAILABILITY = YES_AGGRESSIVE;
				CLANG_WARN_UNREACHABLE_CODE = YES;
				CLANG_WARN__DUPLICATE_METHOD_MATCH = YES;
				COPY_PHASE_STRIP = NO;
				DEBUG_INFORMATION_FORMAT = dwarf;
				ENABLE_STRICT_OBJC_MSGSEND = YES;
				ENABLE_TESTABILITY = YES;
				GCC_C_LANGUAGE_STANDARD = gnu11;
				GCC_DYNAMIC_NO_PIC = NO;
				GCC_NO_COMMON_BLOCKS = YES;
				GCC_OPTIMIZATION_LEVEL = 0;
				GCC_PREPROCESSOR_DEFINITIONS = (
					"DEBUG=1",
					"$(inherited)",
				);
				GCC_WARN_64_TO_32_BIT_CONVERSION = YES;
				GCC_WARN_ABOUT_RETURN_TYPE = YES_ERROR;
				GCC_WARN_UNDECLARED_SELECTOR = YES;
				GCC_WARN_UNINITIALIZED_AUTOS = YES_AGGRESSIVE;
				GCC_WARN_UNUSED_FUNCTION = YES;
				GCC_WARN_UNUSED_VARIABLE = YES;
				IPHONEOS_DEPLOYMENT_TARGET = 14.5;
				MTL_ENABLE_DEBUG_INFO = INCLUDE_SOURCE;
				MTL_FAST_MATH = YES;
				ONLY_ACTIVE_ARCH = YES;
				SDKROOT = iphoneos;
				SWIFT_ACTIVE_COMPILATION_CONDITIONS = DEBUG;
				SWIFT_OPTIMIZATION_LEVEL = "-Onone";
			};
			name = Debug;
		};
		A729595926FF3BD6000AE4F4 /* Release */ = {
			isa = XCBuildConfiguration;
			buildSettings = {
				ALWAYS_SEARCH_USER_PATHS = NO;
				CLANG_ANALYZER_NONNULL = YES;
				CLANG_ANALYZER_NUMBER_OBJECT_CONVERSION = YES_AGGRESSIVE;
				CLANG_CXX_LANGUAGE_STANDARD = "gnu++14";
				CLANG_CXX_LIBRARY = "libc++";
				CLANG_ENABLE_MODULES = YES;
				CLANG_ENABLE_OBJC_ARC = YES;
				CLANG_ENABLE_OBJC_WEAK = YES;
				CLANG_WARN_BLOCK_CAPTURE_AUTORELEASING = YES;
				CLANG_WARN_BOOL_CONVERSION = YES;
				CLANG_WARN_COMMA = YES;
				CLANG_WARN_CONSTANT_CONVERSION = YES;
				CLANG_WARN_DEPRECATED_OBJC_IMPLEMENTATIONS = YES;
				CLANG_WARN_DIRECT_OBJC_ISA_USAGE = YES_ERROR;
				CLANG_WARN_DOCUMENTATION_COMMENTS = YES;
				CLANG_WARN_EMPTY_BODY = YES;
				CLANG_WARN_ENUM_CONVERSION = YES;
				CLANG_WARN_INFINITE_RECURSION = YES;
				CLANG_WARN_INT_CONVERSION = YES;
				CLANG_WARN_NON_LITERAL_NULL_CONVERSION = YES;
				CLANG_WARN_OBJC_IMPLICIT_RETAIN_SELF = YES;
				CLANG_WARN_OBJC_LITERAL_CONVERSION = YES;
				CLANG_WARN_OBJC_ROOT_CLASS = YES_ERROR;
				CLANG_WARN_QUOTED_INCLUDE_IN_FRAMEWORK_HEADER = YES;
				CLANG_WARN_RANGE_LOOP_ANALYSIS = YES;
				CLANG_WARN_STRICT_PROTOTYPES = YES;
				CLANG_WARN_SUSPICIOUS_MOVE = YES;
				CLANG_WARN_UNGUARDED_AVAILABILITY = YES_AGGRESSIVE;
				CLANG_WARN_UNREACHABLE_CODE = YES;
				CLANG_WARN__DUPLICATE_METHOD_MATCH = YES;
				COPY_PHASE_STRIP = NO;
				DEBUG_INFORMATION_FORMAT = "dwarf-with-dsym";
				ENABLE_NS_ASSERTIONS = NO;
				ENABLE_STRICT_OBJC_MSGSEND = YES;
				GCC_C_LANGUAGE_STANDARD = gnu11;
				GCC_NO_COMMON_BLOCKS = YES;
				GCC_WARN_64_TO_32_BIT_CONVERSION = YES;
				GCC_WARN_ABOUT_RETURN_TYPE = YES_ERROR;
				GCC_WARN_UNDECLARED_SELECTOR = YES;
				GCC_WARN_UNINITIALIZED_AUTOS = YES_AGGRESSIVE;
				GCC_WARN_UNUSED_FUNCTION = YES;
				GCC_WARN_UNUSED_VARIABLE = YES;
				IPHONEOS_DEPLOYMENT_TARGET = 14.5;
				MTL_ENABLE_DEBUG_INFO = NO;
				MTL_FAST_MATH = YES;
				SDKROOT = iphoneos;
				SWIFT_COMPILATION_MODE = wholemodule;
				SWIFT_OPTIMIZATION_LEVEL = "-O";
				VALIDATE_PRODUCT = YES;
			};
			name = Release;
		};
		A729595B26FF3BD6000AE4F4 /* Debug */ = {
			isa = XCBuildConfiguration;
			buildSettings = {
				ASSETCATALOG_COMPILER_APPICON_NAME = AppIcon;
				ASSETCATALOG_COMPILER_GLOBAL_ACCENT_COLOR_NAME = AccentColor;
				CODE_SIGN_STYLE = Automatic;
				DEVELOPMENT_TEAM = N3JMP35357;
				INFOPLIST_FILE = TapRecognize/Info.plist;
				LD_RUNPATH_SEARCH_PATHS = (
					"$(inherited)",
					"@executable_path/Frameworks",
				);
				PRODUCT_BUNDLE_IDENTIFIER = niko.TapRecognize;
				PRODUCT_NAME = "$(TARGET_NAME)";
				SWIFT_VERSION = 5.0;
				TARGETED_DEVICE_FAMILY = "1,2";
			};
			name = Debug;
		};
		A729595C26FF3BD6000AE4F4 /* Release */ = {
			isa = XCBuildConfiguration;
			buildSettings = {
				ASSETCATALOG_COMPILER_APPICON_NAME = AppIcon;
				ASSETCATALOG_COMPILER_GLOBAL_ACCENT_COLOR_NAME = AccentColor;
				CODE_SIGN_STYLE = Automatic;
				DEVELOPMENT_TEAM = N3JMP35357;
				INFOPLIST_FILE = TapRecognize/Info.plist;
				LD_RUNPATH_SEARCH_PATHS = (
					"$(inherited)",
					"@executable_path/Frameworks",
				);
				PRODUCT_BUNDLE_IDENTIFIER = niko.TapRecognize;
				PRODUCT_NAME = "$(TARGET_NAME)";
				SWIFT_VERSION = 5.0;
				TARGETED_DEVICE_FAMILY = "1,2";
			};
			name = Release;
		};
/* End XCBuildConfiguration section */

/* Begin XCConfigurationList section */
		A729594126FF3BC1000AE4F4 /* Build configuration list for PBXProject "TapRecognize" */ = {
			isa = XCConfigurationList;
			buildConfigurations = (
				A729595826FF3BD6000AE4F4 /* Debug */,
				A729595926FF3BD6000AE4F4 /* Release */,
			);
			defaultConfigurationIsVisible = 0;
			defaultConfigurationName = Release;
		};
		A729595A26FF3BD6000AE4F4 /* Build configuration list for PBXNativeTarget "TapRecognize" */ = {
			isa = XCConfigurationList;
			buildConfigurations = (
				A729595B26FF3BD6000AE4F4 /* Debug */,
				A729595C26FF3BD6000AE4F4 /* Release */,
			);
			defaultConfigurationIsVisible = 0;
			defaultConfigurationName = Release;
		};
/* End XCConfigurationList section */
	};
	rootObject = A729593E26FF3BC1000AE4F4 /* Project object */;
}
